
Microsoft Visual Studio Solution File, Format Version 12.00
# Visual Studio Version 17
VisualStudioVersion = 17.5.002.0
MinimumVisualStudioVersion = 10.0.40219.1
Project("{FAE04EC0-301F-11D3-BF4B-00C04F79EFBC}") = "Level1", "Level1\Level1.csproj", "{79571278-BF8D-4F57-A0DE-7E1C42E9DF6A}"
EndProject
Project("{FAE04EC0-301F-11D3-BF4B-00C04F79EFBC}") = "Level2", "Level2\Level2.csproj", "{A10041AB-C469-4E2B-9D7C-1D3DBBB84D96}"
EndProject
Project("{FAE04EC0-301F-11D3-BF4B-00C04F79EFBC}") = "Level3", "Level3\Level3.csproj", "{1E05BB11-E23D-470C-9D53-0442AD310583}"
EndProject
Project("{FAE04EC0-301F-11D3-BF4B-00C04F79EFBC}") = "NewtonSoftMigration", "NewtonSoftMigration\NewtonSoftMigration.csproj", "{BAECE231-EFE1-44B0-B1EF-B87880649380}"
EndProject
Project("{FAE04EC0-301F-11D3-BF4B-00C04F79EFBC}") = "NewtonSoftMigration2", "NewtonSoftMigration2\NewtonSoftMigration2.csproj", "{116DA424-1B5B-441A-8DED-D7AA79373334}"
EndProject
Global
	GlobalSection(SolutionConfigurationPlatforms) = preSolution
		Debug|Any CPU = Debug|Any CPU
		Release|Any CPU = Release|Any CPU
	EndGlobalSection
	GlobalSection(ProjectConfigurationPlatforms) = postSolution
		{79571278-BF8D-4F57-A0DE-7E1C42E9DF6A}.Debug|Any CPU.ActiveCfg = Debug|Any CPU
		{79571278-BF8D-4F57-A0DE-7E1C42E9DF6A}.Debug|Any CPU.Build.0 = Debug|Any CPU
		{79571278-BF8D-4F57-A0DE-7E1C42E9DF6A}.Release|Any CPU.ActiveCfg = Release|Any CPU
		{79571278-BF8D-4F57-A0DE-7E1C42E9DF6A}.Release|Any CPU.Build.0 = Release|Any CPU
		{A10041AB-C469-4E2B-9D7C-1D3DBBB84D96}.Debug|Any CPU.ActiveCfg = Debug|Any CPU
		{A10041AB-C469-4E2B-9D7C-1D3DBBB84D96}.Debug|Any CPU.Build.0 = Debug|Any CPU
		{A10041AB-C469-4E2B-9D7C-1D3DBBB84D96}.Release|Any CPU.ActiveCfg = Release|Any CPU
		{A10041AB-C469-4E2B-9D7C-1D3DBBB84D96}.Release|Any CPU.Build.0 = Release|Any CPU
		{1E05BB11-E23D-470C-9D53-0442AD310583}.Debug|Any CPU.ActiveCfg = Debug|Any CPU
		{1E05BB11-E23D-470C-9D53-0442AD310583}.Debug|Any CPU.Build.0 = Debug|Any CPU
		{1E05BB11-E23D-470C-9D53-0442AD310583}.Release|Any CPU.ActiveCfg = Release|Any CPU
		{1E05BB11-E23D-470C-9D53-0442AD310583}.Release|Any CPU.Build.0 = Release|Any CPU
		{BAECE231-EFE1-44B0-B1EF-B87880649380}.Debug|Any CPU.ActiveCfg = Debug|Any CPU
		{BAECE231-EFE1-44B0-B1EF-B87880649380}.Debug|Any CPU.Build.0 = Debug|Any CPU
		{BAECE231-EFE1-44B0-B1EF-B87880649380}.Release|Any CPU.ActiveCfg = Release|Any CPU
		{BAECE231-EFE1-44B0-B1EF-B87880649380}.Release|Any CPU.Build.0 = Release|Any CPU
		{116DA424-1B5B-441A-8DED-D7AA79373334}.Debug|Any CPU.ActiveCfg = Debug|Any CPU
		{116DA424-1B5B-441A-8DED-D7AA79373334}.Debug|Any CPU.Build.0 = Debug|Any CPU
		{116DA424-1B5B-441A-8DED-D7AA79373334}.Release|Any CPU.ActiveCfg = Release|Any CPU
		{116DA424-1B5B-441A-8DED-D7AA79373334}.Release|Any CPU.Build.0 = Release|Any CPU
	EndGlobalSection
	GlobalSection(SolutionProperties) = preSolution
		HideSolutionNode = FALSE
	EndGlobalSection
	GlobalSection(ExtensibilityGlobals) = postSolution
		SolutionGuid = {AF4A2B06-22E8-4112-85DB-DEEE53263EC0}
	EndGlobalSection
EndGlobal
